// !$*UTF8*$!
{
	archiveVersion = 1;
	classes = {
	};
	objectVersion = 60;
	objects = {

/* Begin PBXBuildFile section */
		3E7A81C32B2B06C60003D5A3 /* NavigationStackExampleApp.swift in Sources */ = {isa = PBXBuildFile; fileRef = 3E7A81C22B2B06C60003D5A3 /* NavigationStackExampleApp.swift */; };
		3E7A81C52B2B06C60003D5A3 /* ContentView.swift in Sources */ = {isa = PBXBuildFile; fileRef = 3E7A81C42B2B06C60003D5A3 /* ContentView.swift */; };
		3E7A81C72B2B06C70003D5A3 /* Assets.xcassets in Resources */ = {isa = PBXBuildFile; fileRef = 3E7A81C62B2B06C70003D5A3 /* Assets.xcassets */; };
		3E7A81CA2B2B06C70003D5A3 /* Preview Assets.xcassets in Resources */ = {isa = PBXBuildFile; fileRef = 3E7A81C92B2B06C70003D5A3 /* Preview Assets.xcassets */; };
		3E7A81D52B2B07C50003D5A3 /* BaseNavigationStack in Frameworks */ = {isa = PBXBuildFile; productRef = 3E7A81D42B2B07C50003D5A3 /* BaseNavigationStack */; };
		3E7A81D72B2B0F1A0003D5A3 /* ViewNavigationTarget.swift in Sources */ = {isa = PBXBuildFile; fileRef = 3E7A81D62B2B0F1A0003D5A3 /* ViewNavigationTarget.swift */; };
		3E7A81DC2B2B0FA90003D5A3 /* View+Extension.swift in Sources */ = {isa = PBXBuildFile; fileRef = 3E7A81DB2B2B0FA90003D5A3 /* View+Extension.swift */; };
		3E7A81E02B2B0FE50003D5A3 /* ListView.swift in Sources */ = {isa = PBXBuildFile; fileRef = 3E7A81DF2B2B0FE50003D5A3 /* ListView.swift */; };
		3E7A81E22B2B10040003D5A3 /* BaseView.swift in Sources */ = {isa = PBXBuildFile; fileRef = 3E7A81E12B2B10040003D5A3 /* BaseView.swift */; };
		3E7A81E42B2C50A80003D5A3 /* PolicyView.swift in Sources */ = {isa = PBXBuildFile; fileRef = 3E7A81E32B2C50A80003D5A3 /* PolicyView.swift */; };
/* End PBXBuildFile section */

/* Begin PBXFileReference section */
		3E7A81BF2B2B06C60003D5A3 /* NavigationStackExample.app */ = {isa = PBXFileReference; explicitFileType = wrapper.application; includeInIndex = 0; path = NavigationStackExample.app; sourceTree = BUILT_PRODUCTS_DIR; };
		3E7A81C22B2B06C60003D5A3 /* NavigationStackExampleApp.swift */ = {isa = PBXFileReference; lastKnownFileType = sourcecode.swift; path = NavigationStackExampleApp.swift; sourceTree = "<group>"; };
		3E7A81C42B2B06C60003D5A3 /* ContentView.swift */ = {isa = PBXFileReference; lastKnownFileType = sourcecode.swift; path = ContentView.swift; sourceTree = "<group>"; };
		3E7A81C62B2B06C70003D5A3 /* Assets.xcassets */ = {isa = PBXFileReference; lastKnownFileType = folder.assetcatalog; path = Assets.xcassets; sourceTree = "<group>"; };
		3E7A81C92B2B06C70003D5A3 /* Preview Assets.xcassets */ = {isa = PBXFileReference; lastKnownFileType = folder.assetcatalog; path = "Preview Assets.xcassets"; sourceTree = "<group>"; };
		3E7A81D62B2B0F1A0003D5A3 /* ViewNavigationTarget.swift */ = {isa = PBXFileReference; lastKnownFileType = sourcecode.swift; path = ViewNavigationTarget.swift; sourceTree = "<group>"; };
		3E7A81DB2B2B0FA90003D5A3 /* View+Extension.swift */ = {isa = PBXFileReference; lastKnownFileType = sourcecode.swift; path = "View+Extension.swift"; sourceTree = "<group>"; };
		3E7A81DF2B2B0FE50003D5A3 /* ListView.swift */ = {isa = PBXFileReference; lastKnownFileType = sourcecode.swift; path = ListView.swift; sourceTree = "<group>"; };
		3E7A81E12B2B10040003D5A3 /* BaseView.swift */ = {isa = PBXFileReference; lastKnownFileType = sourcecode.swift; path = BaseView.swift; sourceTree = "<group>"; };
		3E7A81E32B2C50A80003D5A3 /* PolicyView.swift */ = {isa = PBXFileReference; lastKnownFileType = sourcecode.swift; path = PolicyView.swift; sourceTree = "<group>"; };
/* End PBXFileReference section */

/* Begin PBXFrameworksBuildPhase section */
		3E7A81BC2B2B06C60003D5A3 /* Frameworks */ = {
			isa = PBXFrameworksBuildPhase;
			buildActionMask = 2147483647;
			files = (
				3E7A81D52B2B07C50003D5A3 /* BaseNavigationStack in Frameworks */,
			);
			runOnlyForDeploymentPostprocessing = 0;
		};
/* End PBXFrameworksBuildPhase section */

/* Begin PBXGroup section */
		3E7A81B62B2B06C50003D5A3 = {
			isa = PBXGroup;
			children = (
				3E7A81C12B2B06C60003D5A3 /* NavigationStackExample */,
				3E7A81C02B2B06C60003D5A3 /* Products */,
			);
			sourceTree = "<group>";
		};
		3E7A81C02B2B06C60003D5A3 /* Products */ = {
			isa = PBXGroup;
			children = (
				3E7A81BF2B2B06C60003D5A3 /* NavigationStackExample.app */,
			);
			name = Products;
			sourceTree = "<group>";
		};
		3E7A81C12B2B06C60003D5A3 /* NavigationStackExample */ = {
			isa = PBXGroup;
			children = (
				3E7A81DE2B2B0FD90003D5A3 /* View */,
				3E7A81DD2B2B0FBE0003D5A3 /* BaseDefineTarget */,
				3E7A81DA2B2B0F4D0003D5A3 /* Utils */,
				3E7A81C22B2B06C60003D5A3 /* NavigationStackExampleApp.swift */,
				3E7A81C42B2B06C60003D5A3 /* ContentView.swift */,
				3E7A81C62B2B06C70003D5A3 /* Assets.xcassets */,
				3E7A81C82B2B06C70003D5A3 /* Preview Content */,
			);
			path = NavigationStackExample;
			sourceTree = "<group>";
		};
		3E7A81C82B2B06C70003D5A3 /* Preview Content */ = {
			isa = PBXGroup;
			children = (
				3E7A81C92B2B06C70003D5A3 /* Preview Assets.xcassets */,
			);
			path = "Preview Content";
			sourceTree = "<group>";
		};
		3E7A81DA2B2B0F4D0003D5A3 /* Utils */ = {
			isa = PBXGroup;
			children = (
				3EEC9A792B301B540082BEE9 /* ViewModifer */,
				3E7A81DB2B2B0FA90003D5A3 /* View+Extension.swift */,
			);
			path = Utils;
			sourceTree = "<group>";
		};
		3E7A81DD2B2B0FBE0003D5A3 /* BaseDefineTarget */ = {
			isa = PBXGroup;
			children = (
				3E7A81D62B2B0F1A0003D5A3 /* ViewNavigationTarget.swift */,
			);
			path = BaseDefineTarget;
			sourceTree = "<group>";
		};
		3E7A81DE2B2B0FD90003D5A3 /* View */ = {
			isa = PBXGroup;
			children = (
				3E7A81DF2B2B0FE50003D5A3 /* ListView.swift */,
				3E7A81E12B2B10040003D5A3 /* BaseView.swift */,
				3E7A81E32B2C50A80003D5A3 /* PolicyView.swift */,
			);
			path = View;
			sourceTree = "<group>";
		};
		3EEC9A792B301B540082BEE9 /* ViewModifer */ = {
			isa = PBXGroup;
			children = (
			);
			path = ViewModifer;
			sourceTree = "<group>";
		};
/* End PBXGroup section */

/* Begin PBXNativeTarget section */
		3E7A81BE2B2B06C60003D5A3 /* NavigationStackExample */ = {
			isa = PBXNativeTarget;
			buildConfigurationList = 3E7A81CD2B2B06C70003D5A3 /* Build configuration list for PBXNativeTarget "NavigationStackExample" */;
			buildPhases = (
				3E7A81BB2B2B06C60003D5A3 /* Sources */,
				3E7A81BC2B2B06C60003D5A3 /* Frameworks */,
				3E7A81BD2B2B06C60003D5A3 /* Resources */,
			);
			buildRules = (
			);
			dependencies = (
			);
			name = NavigationStackExample;
			packageProductDependencies = (
				3E7A81D42B2B07C50003D5A3 /* BaseNavigationStack */,
			);
			productName = NavigationStackExample;
			productReference = 3E7A81BF2B2B06C60003D5A3 /* NavigationStackExample.app */;
			productType = "com.apple.product-type.application";
		};
/* End PBXNativeTarget section */

/* Begin PBXProject section */
		3E7A81B72B2B06C50003D5A3 /* Project object */ = {
			isa = PBXProject;
			attributes = {
				BuildIndependentTargetsInParallel = 1;
				LastSwiftUpdateCheck = 1500;
				LastUpgradeCheck = 1500;
				TargetAttributes = {
					3E7A81BE2B2B06C60003D5A3 = {
						CreatedOnToolsVersion = 15.0.1;
					};
				};
			};
			buildConfigurationList = 3E7A81BA2B2B06C50003D5A3 /* Build configuration list for PBXProject "NavigationStackExample" */;
			compatibilityVersion = "Xcode 14.0";
			developmentRegion = en;
			hasScannedForEncodings = 0;
			knownRegions = (
				en,
				Base,
			);
			mainGroup = 3E7A81B62B2B06C50003D5A3;
			packageReferences = (
				3E7A81D32B2B07C50003D5A3 /* XCLocalSwiftPackageReference ".." */,
			);
			productRefGroup = 3E7A81C02B2B06C60003D5A3 /* Products */;
			projectDirPath = "";
			projectRoot = "";
			targets = (
				3E7A81BE2B2B06C60003D5A3 /* NavigationStackExample */,
			);
		};
/* End PBXProject section */

/* Begin PBXResourcesBuildPhase section */
		3E7A81BD2B2B06C60003D5A3 /* Resources */ = {
			isa = PBXResourcesBuildPhase;
			buildActionMask = 2147483647;
			files = (
				3E7A81CA2B2B06C70003D5A3 /* Preview Assets.xcassets in Resources */,
				3E7A81C72B2B06C70003D5A3 /* Assets.xcassets in Resources */,
			);
			runOnlyForDeploymentPostprocessing = 0;
		};
/* End PBXResourcesBuildPhase section */

/* Begin PBXSourcesBuildPhase section */
		3E7A81BB2B2B06C60003D5A3 /* Sources */ = {
			isa = PBXSourcesBuildPhase;
			buildActionMask = 2147483647;
			files = (
				3E7A81C52B2B06C60003D5A3 /* ContentView.swift in Sources */,
				3E7A81D72B2B0F1A0003D5A3 /* ViewNavigationTarget.swift in Sources */,
				3E7A81E02B2B0FE50003D5A3 /* ListView.swift in Sources */,
				3E7A81DC2B2B0FA90003D5A3 /* View+Extension.swift in Sources */,
				3E7A81E22B2B10040003D5A3 /* BaseView.swift in Sources */,
				3E7A81C32B2B06C60003D5A3 /* NavigationStackExampleApp.swift in Sources */,
				3E7A81E42B2C50A80003D5A3 /* PolicyView.swift in Sources */,
			);
			runOnlyForDeploymentPostprocessing = 0;
		};
/* End PBXSourcesBuildPhase section */

/* Begin XCBuildConfiguration section */
		3E7A81CB2B2B06C70003D5A3 /* Debug */ = {
			isa = XCBuildConfiguration;
			buildSettings = {
				ALWAYS_SEARCH_USER_PATHS = NO;
				ASSETCATALOG_COMPILER_GENERATE_SWIFT_ASSET_SYMBOL_EXTENSIONS = YES;
				CLANG_ANALYZER_NONNULL = YES;
				CLANG_ANALYZER_NUMBER_OBJECT_CONVERSION = YES_AGGRESSIVE;
				CLANG_CXX_LANGUAGE_STANDARD = "gnu++20";
				CLANG_ENABLE_MODULES = YES;
				CLANG_ENABLE_OBJC_ARC = YES;
				CLANG_ENABLE_OBJC_WEAK = YES;
				CLANG_WARN_BLOCK_CAPTURE_AUTORELEASING = YES;
				CLANG_WARN_BOOL_CONVERSION = YES;
				CLANG_WARN_COMMA = YES;
				CLANG_WARN_CONSTANT_CONVERSION = YES;
				CLANG_WARN_DEPRECATED_OBJC_IMPLEMENTATIONS = YES;
				CLANG_WARN_DIRECT_OBJC_ISA_USAGE = YES_ERROR;
				CLANG_WARN_DOCUMENTATION_COMMENTS = YES;
				CLANG_WARN_EMPTY_BODY = YES;
				CLANG_WARN_ENUM_CONVERSION = YES;
				CLANG_WARN_INFINITE_RECURSION = YES;
				CLANG_WARN_INT_CONVERSION = YES;
				CLANG_WARN_NON_LITERAL_NULL_CONVERSION = YES;
				CLANG_WARN_OBJC_IMPLICIT_RETAIN_SELF = YES;
				CLANG_WARN_OBJC_LITERAL_CONVERSION = YES;
				CLANG_WARN_OBJC_ROOT_CLASS = YES_ERROR;
				CLANG_WARN_QUOTED_INCLUDE_IN_FRAMEWORK_HEADER = YES;
				CLANG_WARN_RANGE_LOOP_ANALYSIS = YES;
				CLANG_WARN_STRICT_PROTOTYPES = YES;
				CLANG_WARN_SUSPICIOUS_MOVE = YES;
				CLANG_WARN_UNGUARDED_AVAILABILITY = YES_AGGRESSIVE;
				CLANG_WARN_UNREACHABLE_CODE = YES;
				CLANG_WARN__DUPLICATE_METHOD_MATCH = YES;
				COPY_PHASE_STRIP = NO;
				DEBUG_INFORMATION_FORMAT = dwarf;
				ENABLE_STRICT_OBJC_MSGSEND = YES;
				ENABLE_TESTABILITY = YES;
				ENABLE_USER_SCRIPT_SANDBOXING = YES;
				GCC_C_LANGUAGE_STANDARD = gnu17;
				GCC_DYNAMIC_NO_PIC = NO;
				GCC_NO_COMMON_BLOCKS = YES;
				GCC_OPTIMIZATION_LEVEL = 0;
				GCC_PREPROCESSOR_DEFINITIONS = (
					"DEBUG=1",
					"$(inherited)",
				);
				GCC_WARN_64_TO_32_BIT_CONVERSION = YES;
				GCC_WARN_ABOUT_RETURN_TYPE = YES_ERROR;
				GCC_WARN_UNDECLARED_SELECTOR = YES;
				GCC_WARN_UNINITIALIZED_AUTOS = YES_AGGRESSIVE;
				GCC_WARN_UNUSED_FUNCTION = YES;
				GCC_WARN_UNUSED_VARIABLE = YES;
				IPHONEOS_DEPLOYMENT_TARGET = 17.0;
				LOCALIZATION_PREFERS_STRING_CATALOGS = YES;
				MTL_ENABLE_DEBUG_INFO = INCLUDE_SOURCE;
				MTL_FAST_MATH = YES;
				ONLY_ACTIVE_ARCH = YES;
				SDKROOT = iphoneos;
				SWIFT_ACTIVE_COMPILATION_CONDITIONS = "DEBUG $(inherited)";
				SWIFT_OPTIMIZATION_LEVEL = "-Onone";
			};
			name = Debug;
		};
		3E7A81CC2B2B06C70003D5A3 /* Release */ = {
			isa = XCBuildConfiguration;
			buildSettings = {
				ALWAYS_SEARCH_USER_PATHS = NO;
				ASSETCATALOG_COMPILER_GENERATE_SWIFT_ASSET_SYMBOL_EXTENSIONS = YES;
				CLANG_ANALYZER_NONNULL = YES;
				CLANG_ANALYZER_NUMBER_OBJECT_CONVERSION = YES_AGGRESSIVE;
				CLANG_CXX_LANGUAGE_STANDARD = "gnu++20";
				CLANG_ENABLE_MODULES = YES;
				CLANG_ENABLE_OBJC_ARC = YES;
				CLANG_ENABLE_OBJC_WEAK = YES;
				CLANG_WARN_BLOCK_CAPTURE_AUTORELEASING = YES;
				CLANG_WARN_BOOL_CONVERSION = YES;
				CLANG_WARN_COMMA = YES;
				CLANG_WARN_CONSTANT_CONVERSION = YES;
				CLANG_WARN_DEPRECATED_OBJC_IMPLEMENTATIONS = YES;
				CLANG_WARN_DIRECT_OBJC_ISA_USAGE = YES_ERROR;
				CLANG_WARN_DOCUMENTATION_COMMENTS = YES;
				CLANG_WARN_EMPTY_BODY = YES;
				CLANG_WARN_ENUM_CONVERSION = YES;
				CLANG_WARN_INFINITE_RECURSION = YES;
				CLANG_WARN_INT_CONVERSION = YES;
				CLANG_WARN_NON_LITERAL_NULL_CONVERSION = YES;
				CLANG_WARN_OBJC_IMPLICIT_RETAIN_SELF = YES;
				CLANG_WARN_OBJC_LITERAL_CONVERSION = YES;
				CLANG_WARN_OBJC_ROOT_CLASS = YES_ERROR;
				CLANG_WARN_QUOTED_INCLUDE_IN_FRAMEWORK_HEADER = YES;
				CLANG_WARN_RANGE_LOOP_ANALYSIS = YES;
				CLANG_WARN_STRICT_PROTOTYPES = YES;
				CLANG_WARN_SUSPICIOUS_MOVE = YES;
				CLANG_WARN_UNGUARDED_AVAILABILITY = YES_AGGRESSIVE;
				CLANG_WARN_UNREACHABLE_CODE = YES;
				CLANG_WARN__DUPLICATE_METHOD_MATCH = YES;
				COPY_PHASE_STRIP = NO;
				DEBUG_INFORMATION_FORMAT = "dwarf-with-dsym";
				ENABLE_NS_ASSERTIONS = NO;
				ENABLE_STRICT_OBJC_MSGSEND = YES;
				ENABLE_USER_SCRIPT_SANDBOXING = YES;
				GCC_C_LANGUAGE_STANDARD = gnu17;
				GCC_NO_COMMON_BLOCKS = YES;
				GCC_WARN_64_TO_32_BIT_CONVERSION = YES;
				GCC_WARN_ABOUT_RETURN_TYPE = YES_ERROR;
				GCC_WARN_UNDECLARED_SELECTOR = YES;
				GCC_WARN_UNINITIALIZED_AUTOS = YES_AGGRESSIVE;
				GCC_WARN_UNUSED_FUNCTION = YES;
				GCC_WARN_UNUSED_VARIABLE = YES;
				IPHONEOS_DEPLOYMENT_TARGET = 17.0;
				LOCALIZATION_PREFERS_STRING_CATALOGS = YES;
				MTL_ENABLE_DEBUG_INFO = NO;
				MTL_FAST_MATH = YES;
				SDKROOT = iphoneos;
				SWIFT_COMPILATION_MODE = wholemodule;
				VALIDATE_PRODUCT = YES;
			};
			name = Release;
		};
		3E7A81CE2B2B06C70003D5A3 /* Debug */ = {
			isa = XCBuildConfiguration;
			buildSettings = {
				ASSETCATALOG_COMPILER_APPICON_NAME = AppIcon;
				ASSETCATALOG_COMPILER_GLOBAL_ACCENT_COLOR_NAME = AccentColor;
				CODE_SIGN_STYLE = Automatic;
				CURRENT_PROJECT_VERSION = 1;
				DEVELOPMENT_ASSET_PATHS = "\"NavigationStackExample/Preview Content\"";
				DEVELOPMENT_TEAM = AP58YLHQ2S;
				ENABLE_PREVIEWS = YES;
				GENERATE_INFOPLIST_FILE = YES;
				INFOPLIST_KEY_UIApplicationSceneManifest_Generation = YES;
				INFOPLIST_KEY_UIApplicationSupportsIndirectInputEvents = YES;
				INFOPLIST_KEY_UILaunchScreen_Generation = YES;
				INFOPLIST_KEY_UISupportedInterfaceOrientations_iPad = "UIInterfaceOrientationPortrait UIInterfaceOrientationPortraitUpsideDown UIInterfaceOrientationLandscapeLeft UIInterfaceOrientationLandscapeRight";
				INFOPLIST_KEY_UISupportedInterfaceOrientations_iPhone = "UIInterfaceOrientationPortrait UIInterfaceOrientationLandscapeLeft UIInterfaceOrientationLandscapeRight";
				LD_RUNPATH_SEARCH_PATHS = (
					"$(inherited)",
					"@executable_path/Frameworks",
				);
				MARKETING_VERSION = 1.0;
				PRODUCT_BUNDLE_IDENTIFIER = com.baseNavigationStack.NavigationStackExample;
				PRODUCT_NAME = "$(TARGET_NAME)";
				SWIFT_EMIT_LOC_STRINGS = YES;
				SWIFT_VERSION = 5.0;
				TARGETED_DEVICE_FAMILY = "1,2";
			};
			name = Debug;
		};
		3E7A81CF2B2B06C70003D5A3 /* Release */ = {
			isa = XCBuildConfiguration;
			buildSettings = {
				ASSETCATALOG_COMPILER_APPICON_NAME = AppIcon;
				ASSETCATALOG_COMPILER_GLOBAL_ACCENT_COLOR_NAME = AccentColor;
				CODE_SIGN_STYLE = Automatic;
				CURRENT_PROJECT_VERSION = 1;
				DEVELOPMENT_ASSET_PATHS = "\"NavigationStackExample/Preview Content\"";
				DEVELOPMENT_TEAM = AP58YLHQ2S;
				ENABLE_PREVIEWS = YES;
				GENERATE_INFOPLIST_FILE = YES;
				INFOPLIST_KEY_UIApplicationSceneManifest_Generation = YES;
				INFOPLIST_KEY_UIApplicationSupportsIndirectInputEvents = YES;
				INFOPLIST_KEY_UILaunchScreen_Generation = YES;
				INFOPLIST_KEY_UISupportedInterfaceOrientations_iPad = "UIInterfaceOrientationPortrait UIInterfaceOrientationPortraitUpsideDown UIInterfaceOrientationLandscapeLeft UIInterfaceOrientationLandscapeRight";
				INFOPLIST_KEY_UISupportedInterfaceOrientations_iPhone = "UIInterfaceOrientationPortrait UIInterfaceOrientationLandscapeLeft UIInterfaceOrientationLandscapeRight";
				LD_RUNPATH_SEARCH_PATHS = (
					"$(inherited)",
					"@executable_path/Frameworks",
				);
				MARKETING_VERSION = 1.0;
				PRODUCT_BUNDLE_IDENTIFIER = com.baseNavigationStack.NavigationStackExample;
				PRODUCT_NAME = "$(TARGET_NAME)";
				SWIFT_EMIT_LOC_STRINGS = YES;
				SWIFT_VERSION = 5.0;
				TARGETED_DEVICE_FAMILY = "1,2";
			};
			name = Release;
		};
/* End XCBuildConfiguration section */

/* Begin XCConfigurationList section */
		3E7A81BA2B2B06C50003D5A3 /* Build configuration list for PBXProject "NavigationStackExample" */ = {
			isa = XCConfigurationList;
			buildConfigurations = (
				3E7A81CB2B2B06C70003D5A3 /* Debug */,
				3E7A81CC2B2B06C70003D5A3 /* Release */,
			);
			defaultConfigurationIsVisible = 0;
			defaultConfigurationName = Release;
		};
		3E7A81CD2B2B06C70003D5A3 /* Build configuration list for PBXNativeTarget "NavigationStackExample" */ = {
			isa = XCConfigurationList;
			buildConfigurations = (
				3E7A81CE2B2B06C70003D5A3 /* Debug */,
				3E7A81CF2B2B06C70003D5A3 /* Release */,
			);
			defaultConfigurationIsVisible = 0;
			defaultConfigurationName = Release;
		};
/* End XCConfigurationList section */

/* Begin XCLocalSwiftPackageReference section */
		3E7A81D32B2B07C50003D5A3 /* XCLocalSwiftPackageReference ".." */ = {
			isa = XCLocalSwiftPackageReference;
			relativePath = ..;
		};
/* End XCLocalSwiftPackageReference section */

/* Begin XCSwiftPackageProductDependency section */
		3E7A81D42B2B07C50003D5A3 /* BaseNavigationStack */ = {
			isa = XCSwiftPackageProductDependency;
			productName = BaseNavigationStack;
		};
/* End XCSwiftPackageProductDependency section */
	};
	rootObject = 3E7A81B72B2B06C50003D5A3 /* Project object */;
}
